// !$*UTF8*$!
{
	archiveVersion = 1;
	classes = {
	};
	objectVersion = 55;
	objects = {

/* Begin PBXBuildFile section */
		1F086F6A292F7ACD007F2330 /* CollectionViewCell.swift in Sources */ = {isa = PBXBuildFile; fileRef = 1F086F68292F7ACD007F2330 /* CollectionViewCell.swift */; };
		1F086F6B292F7ACD007F2330 /* CollectionViewCell.xib in Resources */ = {isa = PBXBuildFile; fileRef = 1F086F69292F7ACD007F2330 /* CollectionViewCell.xib */; };
		1F2132E32936316C004F88AB /* RouterProtocol.swift in Sources */ = {isa = PBXBuildFile; fileRef = 1F2132E22936316C004F88AB /* RouterProtocol.swift */; };
		1F2132E6293631E4004F88AB /* AssemblyModuleBuilderProtocol.swift in Sources */ = {isa = PBXBuildFile; fileRef = 1F2132E5293631E4004F88AB /* AssemblyModuleBuilderProtocol.swift */; };
		1F2132E92936327E004F88AB /* PlayerViewProtocol.swift in Sources */ = {isa = PBXBuildFile; fileRef = 1F2132E82936327E004F88AB /* PlayerViewProtocol.swift */; };
		1F2132EB293632A1004F88AB /* PlayerViewPresenterProtocol.swift in Sources */ = {isa = PBXBuildFile; fileRef = 1F2132EA293632A1004F88AB /* PlayerViewPresenterProtocol.swift */; };
		1F2132EF293636E0004F88AB /* MainVC + extantion TableView.swift in Sources */ = {isa = PBXBuildFile; fileRef = 1F2132EE293636E0004F88AB /* MainVC + extantion TableView.swift */; };
		1F2132F22936375F004F88AB /* MainViewProtocol.swift in Sources */ = {isa = PBXBuildFile; fileRef = 1F2132F12936375F004F88AB /* MainViewProtocol.swift */; };
		1F2132F429363781004F88AB /* CompactPlayerViewProtocol.swift in Sources */ = {isa = PBXBuildFile; fileRef = 1F2132F329363781004F88AB /* CompactPlayerViewProtocol.swift */; };
		1F2132F6293637B6004F88AB /* MainViewPresenterProtocol.swift in Sources */ = {isa = PBXBuildFile; fileRef = 1F2132F5293637B6004F88AB /* MainViewPresenterProtocol.swift */; };
		1F2132FC2936582B004F88AB /* LoadIndicator.swift in Sources */ = {isa = PBXBuildFile; fileRef = 1F2132FB2936582B004F88AB /* LoadIndicator.swift */; };
		1F329597292E217B008B6961 /* CompactPlayerView.swift in Sources */ = {isa = PBXBuildFile; fileRef = 1F329596292E217B008B6961 /* CompactPlayerView.swift */; };
		1F329599292E6348008B6961 /* UserDefaultsManager.swift in Sources */ = {isa = PBXBuildFile; fileRef = 1F329598292E6348008B6961 /* UserDefaultsManager.swift */; };
		1F32959B292E73F0008B6961 /* MusicData.swift in Sources */ = {isa = PBXBuildFile; fileRef = 1F32959A292E73F0008B6961 /* MusicData.swift */; };
		1F56FC652934E86C002394C0 /* AVPlayer.swift in Sources */ = {isa = PBXBuildFile; fileRef = 1F56FC642934E86C002394C0 /* AVPlayer.swift */; };
		1F673AC1292B9D9B007F8E9A /* AppDelegate.swift in Sources */ = {isa = PBXBuildFile; fileRef = 1F673AC0292B9D9B007F8E9A /* AppDelegate.swift */; };
		1F673AC3292B9D9B007F8E9A /* SceneDelegate.swift in Sources */ = {isa = PBXBuildFile; fileRef = 1F673AC2292B9D9B007F8E9A /* SceneDelegate.swift */; };
		1F673AC5292B9D9B007F8E9A /* ViewController.swift in Sources */ = {isa = PBXBuildFile; fileRef = 1F673AC4292B9D9B007F8E9A /* ViewController.swift */; };
		1F673AC8292B9D9B007F8E9A /* Main.storyboard in Resources */ = {isa = PBXBuildFile; fileRef = 1F673AC6292B9D9B007F8E9A /* Main.storyboard */; };
		1F673ACA292B9D9F007F8E9A /* Assets.xcassets in Resources */ = {isa = PBXBuildFile; fileRef = 1F673AC9292B9D9F007F8E9A /* Assets.xcassets */; };
		1F673ACD292B9D9F007F8E9A /* LaunchScreen.storyboard in Resources */ = {isa = PBXBuildFile; fileRef = 1F673ACB292B9D9F007F8E9A /* LaunchScreen.storyboard */; };
		1F673AD8292B9D9F007F8E9A /* Pet_1_MusicPlayerTests.swift in Sources */ = {isa = PBXBuildFile; fileRef = 1F673AD7292B9D9F007F8E9A /* Pet_1_MusicPlayerTests.swift */; };
		1F673AE2292B9D9F007F8E9A /* Pet_1_MusicPlayerUITests.swift in Sources */ = {isa = PBXBuildFile; fileRef = 1F673AE1292B9D9F007F8E9A /* Pet_1_MusicPlayerUITests.swift */; };
		1F673AE4292B9D9F007F8E9A /* Pet_1_MusicPlayerUITestsLaunchTests.swift in Sources */ = {isa = PBXBuildFile; fileRef = 1F673AE3292B9D9F007F8E9A /* Pet_1_MusicPlayerUITestsLaunchTests.swift */; };
		1F673AF6292B9E21007F8E9A /* Presenter.swift in Sources */ = {isa = PBXBuildFile; fileRef = 1F673AF5292B9E21007F8E9A /* Presenter.swift */; };
		1F673AF8292B9ECC007F8E9A /* MainViewController.swift in Sources */ = {isa = PBXBuildFile; fileRef = 1F673AF7292B9ECC007F8E9A /* MainViewController.swift */; };
		1F673AFA292B9F84007F8E9A /* SearchResponce.swift in Sources */ = {isa = PBXBuildFile; fileRef = 1F673AF9292B9F84007F8E9A /* SearchResponce.swift */; };
		1F673AFC292BA00F007F8E9A /* NetworkService.swift in Sources */ = {isa = PBXBuildFile; fileRef = 1F673AFB292BA00F007F8E9A /* NetworkService.swift */; };
		1F673AFF292BA7B6007F8E9A /* AssemblyModuleBuilder.swift in Sources */ = {isa = PBXBuildFile; fileRef = 1F673AFE292BA7B6007F8E9A /* AssemblyModuleBuilder.swift */; };
		1F673B08292BAC74007F8E9A /* TrackTableViewCell.swift in Sources */ = {isa = PBXBuildFile; fileRef = 1F673B06292BAC74007F8E9A /* TrackTableViewCell.swift */; };
		1F6EB86E292CDE5900BB68C5 /* Router.swift in Sources */ = {isa = PBXBuildFile; fileRef = 1F6EB86D292CDE5900BB68C5 /* Router.swift */; };
		1F6EB874292CE28500BB68C5 /* PlayerViewController.swift in Sources */ = {isa = PBXBuildFile; fileRef = 1F6EB873292CE28500BB68C5 /* PlayerViewController.swift */; };
		1F6EB876292CE2B900BB68C5 /* PlayerPresenter.swift in Sources */ = {isa = PBXBuildFile; fileRef = 1F6EB875292CE2B900BB68C5 /* PlayerPresenter.swift */; };
		1F710365292D0A9D00952475 /* MainPresenterTest.swift in Sources */ = {isa = PBXBuildFile; fileRef = 1F710364292D0A9D00952475 /* MainPresenterTest.swift */; };
		1F710368292D141000952475 /* RouterTest.swift in Sources */ = {isa = PBXBuildFile; fileRef = 1F710367292D141000952475 /* RouterTest.swift */; };
/* End PBXBuildFile section */

/* Begin PBXContainerItemProxy section */
		1F673AD4292B9D9F007F8E9A /* PBXContainerItemProxy */ = {
			isa = PBXContainerItemProxy;
			containerPortal = 1F673AB5292B9D9B007F8E9A /* Project object */;
			proxyType = 1;
			remoteGlobalIDString = 1F673ABC292B9D9B007F8E9A;
			remoteInfo = "Pet-1_MusicPlayer";
		};
		1F673ADE292B9D9F007F8E9A /* PBXContainerItemProxy */ = {
			isa = PBXContainerItemProxy;
			containerPortal = 1F673AB5292B9D9B007F8E9A /* Project object */;
			proxyType = 1;
			remoteGlobalIDString = 1F673ABC292B9D9B007F8E9A;
			remoteInfo = "Pet-1_MusicPlayer";
		};
/* End PBXContainerItemProxy section */

/* Begin PBXFileReference section */
		1F086F68292F7ACD007F2330 /* CollectionViewCell.swift */ = {isa = PBXFileReference; lastKnownFileType = sourcecode.swift; path = CollectionViewCell.swift; sourceTree = "<group>"; };
		1F086F69292F7ACD007F2330 /* CollectionViewCell.xib */ = {isa = PBXFileReference; lastKnownFileType = file.xib; path = CollectionViewCell.xib; sourceTree = "<group>"; };
		1F2132E22936316C004F88AB /* RouterProtocol.swift */ = {isa = PBXFileReference; lastKnownFileType = sourcecode.swift; path = RouterProtocol.swift; sourceTree = "<group>"; };
		1F2132E5293631E4004F88AB /* AssemblyModuleBuilderProtocol.swift */ = {isa = PBXFileReference; lastKnownFileType = sourcecode.swift; path = AssemblyModuleBuilderProtocol.swift; sourceTree = "<group>"; };
		1F2132E82936327E004F88AB /* PlayerViewProtocol.swift */ = {isa = PBXFileReference; lastKnownFileType = sourcecode.swift; path = PlayerViewProtocol.swift; sourceTree = "<group>"; };
		1F2132EA293632A1004F88AB /* PlayerViewPresenterProtocol.swift */ = {isa = PBXFileReference; lastKnownFileType = sourcecode.swift; path = PlayerViewPresenterProtocol.swift; sourceTree = "<group>"; };
		1F2132EE293636E0004F88AB /* MainVC + extantion TableView.swift */ = {isa = PBXFileReference; lastKnownFileType = sourcecode.swift; path = "MainVC + extantion TableView.swift"; sourceTree = "<group>"; };
		1F2132F12936375F004F88AB /* MainViewProtocol.swift */ = {isa = PBXFileReference; lastKnownFileType = sourcecode.swift; path = MainViewProtocol.swift; sourceTree = "<group>"; };
		1F2132F329363781004F88AB /* CompactPlayerViewProtocol.swift */ = {isa = PBXFileReference; lastKnownFileType = sourcecode.swift; path = CompactPlayerViewProtocol.swift; sourceTree = "<group>"; };
		1F2132F5293637B6004F88AB /* MainViewPresenterProtocol.swift */ = {isa = PBXFileReference; lastKnownFileType = sourcecode.swift; path = MainViewPresenterProtocol.swift; sourceTree = "<group>"; };
		1F2132FB2936582B004F88AB /* LoadIndicator.swift */ = {isa = PBXFileReference; lastKnownFileType = sourcecode.swift; path = LoadIndicator.swift; sourceTree = "<group>"; };
		1F329596292E217B008B6961 /* CompactPlayerView.swift */ = {isa = PBXFileReference; lastKnownFileType = sourcecode.swift; path = CompactPlayerView.swift; sourceTree = "<group>"; };
		1F329598292E6348008B6961 /* UserDefaultsManager.swift */ = {isa = PBXFileReference; lastKnownFileType = sourcecode.swift; path = UserDefaultsManager.swift; sourceTree = "<group>"; };
		1F32959A292E73F0008B6961 /* MusicData.swift */ = {isa = PBXFileReference; lastKnownFileType = sourcecode.swift; path = MusicData.swift; sourceTree = "<group>"; };
		1F56FC642934E86C002394C0 /* AVPlayer.swift */ = {isa = PBXFileReference; lastKnownFileType = sourcecode.swift; path = AVPlayer.swift; sourceTree = "<group>"; };
		1F673ABD292B9D9B007F8E9A /* Pet-1_MusicPlayer.app */ = {isa = PBXFileReference; explicitFileType = wrapper.application; includeInIndex = 0; path = "Pet-1_MusicPlayer.app"; sourceTree = BUILT_PRODUCTS_DIR; };
		1F673AC0292B9D9B007F8E9A /* AppDelegate.swift */ = {isa = PBXFileReference; lastKnownFileType = sourcecode.swift; path = AppDelegate.swift; sourceTree = "<group>"; };
		1F673AC2292B9D9B007F8E9A /* SceneDelegate.swift */ = {isa = PBXFileReference; lastKnownFileType = sourcecode.swift; path = SceneDelegate.swift; sourceTree = "<group>"; };
		1F673AC4292B9D9B007F8E9A /* ViewController.swift */ = {isa = PBXFileReference; lastKnownFileType = sourcecode.swift; path = ViewController.swift; sourceTree = "<group>"; };
		1F673AC7292B9D9B007F8E9A /* Base */ = {isa = PBXFileReference; lastKnownFileType = file.storyboard; name = Base; path = Base.lproj/Main.storyboard; sourceTree = "<group>"; };
		1F673AC9292B9D9F007F8E9A /* Assets.xcassets */ = {isa = PBXFileReference; lastKnownFileType = folder.assetcatalog; path = Assets.xcassets; sourceTree = "<group>"; };
		1F673ACC292B9D9F007F8E9A /* Base */ = {isa = PBXFileReference; lastKnownFileType = file.storyboard; name = Base; path = Base.lproj/LaunchScreen.storyboard; sourceTree = "<group>"; };
		1F673ACE292B9D9F007F8E9A /* Info.plist */ = {isa = PBXFileReference; lastKnownFileType = text.plist.xml; path = Info.plist; sourceTree = "<group>"; };
		1F673AD3292B9D9F007F8E9A /* Pet-1_MusicPlayerTests.xctest */ = {isa = PBXFileReference; explicitFileType = wrapper.cfbundle; includeInIndex = 0; path = "Pet-1_MusicPlayerTests.xctest"; sourceTree = BUILT_PRODUCTS_DIR; };
		1F673AD7292B9D9F007F8E9A /* Pet_1_MusicPlayerTests.swift */ = {isa = PBXFileReference; lastKnownFileType = sourcecode.swift; path = Pet_1_MusicPlayerTests.swift; sourceTree = "<group>"; };
		1F673ADD292B9D9F007F8E9A /* Pet-1_MusicPlayerUITests.xctest */ = {isa = PBXFileReference; explicitFileType = wrapper.cfbundle; includeInIndex = 0; path = "Pet-1_MusicPlayerUITests.xctest"; sourceTree = BUILT_PRODUCTS_DIR; };
		1F673AE1292B9D9F007F8E9A /* Pet_1_MusicPlayerUITests.swift */ = {isa = PBXFileReference; lastKnownFileType = sourcecode.swift; path = Pet_1_MusicPlayerUITests.swift; sourceTree = "<group>"; };
		1F673AE3292B9D9F007F8E9A /* Pet_1_MusicPlayerUITestsLaunchTests.swift */ = {isa = PBXFileReference; lastKnownFileType = sourcecode.swift; path = Pet_1_MusicPlayerUITestsLaunchTests.swift; sourceTree = "<group>"; };
		1F673AF5292B9E21007F8E9A /* Presenter.swift */ = {isa = PBXFileReference; lastKnownFileType = sourcecode.swift; path = Presenter.swift; sourceTree = "<group>"; };
		1F673AF7292B9ECC007F8E9A /* MainViewController.swift */ = {isa = PBXFileReference; lastKnownFileType = sourcecode.swift; path = MainViewController.swift; sourceTree = "<group>"; };
		1F673AF9292B9F84007F8E9A /* SearchResponce.swift */ = {isa = PBXFileReference; lastKnownFileType = sourcecode.swift; path = SearchResponce.swift; sourceTree = "<group>"; };
		1F673AFB292BA00F007F8E9A /* NetworkService.swift */ = {isa = PBXFileReference; lastKnownFileType = sourcecode.swift; path = NetworkService.swift; sourceTree = "<group>"; };
		1F673AFE292BA7B6007F8E9A /* AssemblyModuleBuilder.swift */ = {isa = PBXFileReference; lastKnownFileType = sourcecode.swift; path = AssemblyModuleBuilder.swift; sourceTree = "<group>"; };
		1F673B06292BAC74007F8E9A /* TrackTableViewCell.swift */ = {isa = PBXFileReference; lastKnownFileType = sourcecode.swift; path = TrackTableViewCell.swift; sourceTree = "<group>"; };
		1F6EB86D292CDE5900BB68C5 /* Router.swift */ = {isa = PBXFileReference; lastKnownFileType = sourcecode.swift; path = Router.swift; sourceTree = "<group>"; };
		1F6EB873292CE28500BB68C5 /* PlayerViewController.swift */ = {isa = PBXFileReference; lastKnownFileType = sourcecode.swift; path = PlayerViewController.swift; sourceTree = "<group>"; };
		1F6EB875292CE2B900BB68C5 /* PlayerPresenter.swift */ = {isa = PBXFileReference; lastKnownFileType = sourcecode.swift; path = PlayerPresenter.swift; sourceTree = "<group>"; };
		1F710364292D0A9D00952475 /* MainPresenterTest.swift */ = {isa = PBXFileReference; lastKnownFileType = sourcecode.swift; path = MainPresenterTest.swift; sourceTree = "<group>"; };
		1F710367292D141000952475 /* RouterTest.swift */ = {isa = PBXFileReference; lastKnownFileType = sourcecode.swift; path = RouterTest.swift; sourceTree = "<group>"; };
/* End PBXFileReference section */

/* Begin PBXFrameworksBuildPhase section */
		1F673ABA292B9D9B007F8E9A /* Frameworks */ = {
			isa = PBXFrameworksBuildPhase;
			buildActionMask = 2147483647;
			files = (
			);
			runOnlyForDeploymentPostprocessing = 0;
		};
		1F673AD0292B9D9F007F8E9A /* Frameworks */ = {
			isa = PBXFrameworksBuildPhase;
			buildActionMask = 2147483647;
			files = (
			);
			runOnlyForDeploymentPostprocessing = 0;
		};
		1F673ADA292B9D9F007F8E9A /* Frameworks */ = {
			isa = PBXFrameworksBuildPhase;
			buildActionMask = 2147483647;
			files = (
			);
			runOnlyForDeploymentPostprocessing = 0;
		};
/* End PBXFrameworksBuildPhase section */

/* Begin PBXGroup section */
		1F2132E12936314E004F88AB /* Router */ = {
			isa = PBXGroup;
			children = (
				1F2132E22936316C004F88AB /* RouterProtocol.swift */,
				1F6EB86D292CDE5900BB68C5 /* Router.swift */,
			);
			path = Router;
			sourceTree = "<group>";
		};
		1F2132E4293631B2004F88AB /* AssemblyModuleBuilder */ = {
			isa = PBXGroup;
			children = (
				1F2132E5293631E4004F88AB /* AssemblyModuleBuilderProtocol.swift */,
				1F673AFE292BA7B6007F8E9A /* AssemblyModuleBuilder.swift */,
			);
			path = AssemblyModuleBuilder;
			sourceTree = "<group>";
		};
		1F2132E72936324D004F88AB /* Protocols */ = {
			isa = PBXGroup;
			children = (
				1F2132E82936327E004F88AB /* PlayerViewProtocol.swift */,
				1F2132EA293632A1004F88AB /* PlayerViewPresenterProtocol.swift */,
			);
			path = Protocols;
			sourceTree = "<group>";
		};
		1F2132F029363748004F88AB /* Protocols */ = {
			isa = PBXGroup;
			children = (
				1F2132F12936375F004F88AB /* MainViewProtocol.swift */,
				1F2132F329363781004F88AB /* CompactPlayerViewProtocol.swift */,
				1F2132F5293637B6004F88AB /* MainViewPresenterProtocol.swift */,
			);
			path = Protocols;
			sourceTree = "<group>";
		};
		1F56FC632934E849002394C0 /* AVPlayer */ = {
			isa = PBXGroup;
			children = (
				1F56FC642934E86C002394C0 /* AVPlayer.swift */,
			);
			path = AVPlayer;
			sourceTree = "<group>";
		};
		1F673AB4292B9D9B007F8E9A = {
			isa = PBXGroup;
			children = (
				1F673ABF292B9D9B007F8E9A /* Pet-1_MusicPlayer */,
				1F673AD6292B9D9F007F8E9A /* Pet-1_MusicPlayerTests */,
				1F673AE0292B9D9F007F8E9A /* Pet-1_MusicPlayerUITests */,
				1F673ABE292B9D9B007F8E9A /* Products */,
			);
			sourceTree = "<group>";
		};
		1F673ABE292B9D9B007F8E9A /* Products */ = {
			isa = PBXGroup;
			children = (
				1F673ABD292B9D9B007F8E9A /* Pet-1_MusicPlayer.app */,
				1F673AD3292B9D9F007F8E9A /* Pet-1_MusicPlayerTests.xctest */,
				1F673ADD292B9D9F007F8E9A /* Pet-1_MusicPlayerUITests.xctest */,
			);
			name = Products;
			sourceTree = "<group>";
		};
		1F673ABF292B9D9B007F8E9A /* Pet-1_MusicPlayer */ = {
			isa = PBXGroup;
			children = (
				1F673AC0292B9D9B007F8E9A /* AppDelegate.swift */,
				1F673AC2292B9D9B007F8E9A /* SceneDelegate.swift */,
				1F2132E4293631B2004F88AB /* AssemblyModuleBuilder */,
				1F2132E12936314E004F88AB /* Router */,
				1F56FC632934E849002394C0 /* AVPlayer */,
				1F6EB86F292CE20C00BB68C5 /* PlayerModule */,
				1F673AF4292B9E0A007F8E9A /* MainModule */,
				1F673AFD292BA782007F8E9A /* ServiceLayer */,
				1F673AC6292B9D9B007F8E9A /* Main.storyboard */,
				1F673ACB292B9D9F007F8E9A /* LaunchScreen.storyboard */,
				1F673AC4292B9D9B007F8E9A /* ViewController.swift */,
				1F673ACE292B9D9F007F8E9A /* Info.plist */,
				1F673AC9292B9D9F007F8E9A /* Assets.xcassets */,
			);
			path = "Pet-1_MusicPlayer";
			sourceTree = "<group>";
		};
		1F673AD6292B9D9F007F8E9A /* Pet-1_MusicPlayerTests */ = {
			isa = PBXGroup;
			children = (
				1F673AD7292B9D9F007F8E9A /* Pet_1_MusicPlayerTests.swift */,
				1F710363292D0A7400952475 /* MainModuleTest */,
				1F710366292D13F000952475 /* RouterTest */,
			);
			path = "Pet-1_MusicPlayerTests";
			sourceTree = "<group>";
		};
		1F673AE0292B9D9F007F8E9A /* Pet-1_MusicPlayerUITests */ = {
			isa = PBXGroup;
			children = (
				1F673AE1292B9D9F007F8E9A /* Pet_1_MusicPlayerUITests.swift */,
				1F673AE3292B9D9F007F8E9A /* Pet_1_MusicPlayerUITestsLaunchTests.swift */,
			);
			path = "Pet-1_MusicPlayerUITests";
			sourceTree = "<group>";
		};
		1F673AF0292B9DC4007F8E9A /* View */ = {
			isa = PBXGroup;
			children = (
				1F673AF7292B9ECC007F8E9A /* MainViewController.swift */,
				1F2132EE293636E0004F88AB /* MainVC + extantion TableView.swift */,
				1F329596292E217B008B6961 /* CompactPlayerView.swift */,
				1F2132FB2936582B004F88AB /* LoadIndicator.swift */,
				1F673B06292BAC74007F8E9A /* TrackTableViewCell.swift */,
			);
			path = View;
			sourceTree = "<group>";
		};
		1F673AF2292B9DDF007F8E9A /* Presenter */ = {
			isa = PBXGroup;
			children = (
				1F673AF5292B9E21007F8E9A /* Presenter.swift */,
			);
			path = Presenter;
			sourceTree = "<group>";
		};
		1F673AF3292B9DEE007F8E9A /* Model */ = {
			isa = PBXGroup;
			children = (
				1F673AF9292B9F84007F8E9A /* SearchResponce.swift */,
			);
			path = Model;
			sourceTree = "<group>";
		};
		1F673AF4292B9E0A007F8E9A /* MainModule */ = {
			isa = PBXGroup;
			children = (
				1F2132F029363748004F88AB /* Protocols */,
				1F673AF3292B9DEE007F8E9A /* Model */,
				1F673AF0292B9DC4007F8E9A /* View */,
				1F673AF2292B9DDF007F8E9A /* Presenter */,
			);
			path = MainModule;
			sourceTree = "<group>";
		};
		1F673AFD292BA782007F8E9A /* ServiceLayer */ = {
			isa = PBXGroup;
			children = (
				1F673AFB292BA00F007F8E9A /* NetworkService.swift */,
				1F329598292E6348008B6961 /* UserDefaultsManager.swift */,
			);
			path = ServiceLayer;
			sourceTree = "<group>";
		};
		1F6EB86F292CE20C00BB68C5 /* PlayerModule */ = {
			isa = PBXGroup;
			children = (
				1F2132E72936324D004F88AB /* Protocols */,
				1F6EB872292CE24400BB68C5 /* Model */,
				1F6EB871292CE23500BB68C5 /* View */,
				1F6EB870292CE22B00BB68C5 /* Presenter */,
			);
			path = PlayerModule;
			sourceTree = "<group>";
		};
		1F6EB870292CE22B00BB68C5 /* Presenter */ = {
			isa = PBXGroup;
			children = (
				1F6EB875292CE2B900BB68C5 /* PlayerPresenter.swift */,
			);
			path = Presenter;
			sourceTree = "<group>";
		};
		1F6EB871292CE23500BB68C5 /* View */ = {
			isa = PBXGroup;
			children = (
				1F6EB873292CE28500BB68C5 /* PlayerViewController.swift */,
				1F086F68292F7ACD007F2330 /* CollectionViewCell.swift */,
				1F086F69292F7ACD007F2330 /* CollectionViewCell.xib */,
			);
			path = View;
			sourceTree = "<group>";
		};
		1F6EB872292CE24400BB68C5 /* Model */ = {
			isa = PBXGroup;
			children = (
				1F32959A292E73F0008B6961 /* MusicData.swift */,
			);
			path = Model;
			sourceTree = "<group>";
		};
		1F710363292D0A7400952475 /* MainModuleTest */ = {
			isa = PBXGroup;
			children = (
				1F710364292D0A9D00952475 /* MainPresenterTest.swift */,
			);
			path = MainModuleTest;
			sourceTree = "<group>";
		};
		1F710366292D13F000952475 /* RouterTest */ = {
			isa = PBXGroup;
			children = (
				1F710367292D141000952475 /* RouterTest.swift */,
			);
			path = RouterTest;
			sourceTree = "<group>";
		};
/* End PBXGroup section */

/* Begin PBXNativeTarget section */
		1F673ABC292B9D9B007F8E9A /* Pet-1_MusicPlayer */ = {
			isa = PBXNativeTarget;
			buildConfigurationList = 1F673AE7292B9D9F007F8E9A /* Build configuration list for PBXNativeTarget "Pet-1_MusicPlayer" */;
			buildPhases = (
				1F673AB9292B9D9B007F8E9A /* Sources */,
				1F673ABA292B9D9B007F8E9A /* Frameworks */,
				1F673ABB292B9D9B007F8E9A /* Resources */,
			);
			buildRules = (
			);
			dependencies = (
			);
			name = "Pet-1_MusicPlayer";
			productName = "Pet-1_MusicPlayer";
			productReference = 1F673ABD292B9D9B007F8E9A /* Pet-1_MusicPlayer.app */;
			productType = "com.apple.product-type.application";
		};
		1F673AD2292B9D9F007F8E9A /* Pet-1_MusicPlayerTests */ = {
			isa = PBXNativeTarget;
			buildConfigurationList = 1F673AEA292B9D9F007F8E9A /* Build configuration list for PBXNativeTarget "Pet-1_MusicPlayerTests" */;
			buildPhases = (
				1F673ACF292B9D9F007F8E9A /* Sources */,
				1F673AD0292B9D9F007F8E9A /* Frameworks */,
				1F673AD1292B9D9F007F8E9A /* Resources */,
			);
			buildRules = (
			);
			dependencies = (
				1F673AD5292B9D9F007F8E9A /* PBXTargetDependency */,
			);
			name = "Pet-1_MusicPlayerTests";
			productName = "Pet-1_MusicPlayerTests";
			productReference = 1F673AD3292B9D9F007F8E9A /* Pet-1_MusicPlayerTests.xctest */;
			productType = "com.apple.product-type.bundle.unit-test";
		};
		1F673ADC292B9D9F007F8E9A /* Pet-1_MusicPlayerUITests */ = {
			isa = PBXNativeTarget;
			buildConfigurationList = 1F673AED292B9D9F007F8E9A /* Build configuration list for PBXNativeTarget "Pet-1_MusicPlayerUITests" */;
			buildPhases = (
				1F673AD9292B9D9F007F8E9A /* Sources */,
				1F673ADA292B9D9F007F8E9A /* Frameworks */,
				1F673ADB292B9D9F007F8E9A /* Resources */,
			);
			buildRules = (
			);
			dependencies = (
				1F673ADF292B9D9F007F8E9A /* PBXTargetDependency */,
			);
			name = "Pet-1_MusicPlayerUITests";
			productName = "Pet-1_MusicPlayerUITests";
			productReference = 1F673ADD292B9D9F007F8E9A /* Pet-1_MusicPlayerUITests.xctest */;
			productType = "com.apple.product-type.bundle.ui-testing";
		};
/* End PBXNativeTarget section */

/* Begin PBXProject section */
		1F673AB5292B9D9B007F8E9A /* Project object */ = {
			isa = PBXProject;
			attributes = {
				BuildIndependentTargetsInParallel = 1;
				LastSwiftUpdateCheck = 1320;
				LastUpgradeCheck = 1320;
				TargetAttributes = {
					1F673ABC292B9D9B007F8E9A = {
						CreatedOnToolsVersion = 13.2.1;
					};
					1F673AD2292B9D9F007F8E9A = {
						CreatedOnToolsVersion = 13.2.1;
						TestTargetID = 1F673ABC292B9D9B007F8E9A;
					};
					1F673ADC292B9D9F007F8E9A = {
						CreatedOnToolsVersion = 13.2.1;
						TestTargetID = 1F673ABC292B9D9B007F8E9A;
					};
				};
			};
			buildConfigurationList = 1F673AB8292B9D9B007F8E9A /* Build configuration list for PBXProject "Pet-1_MusicPlayer" */;
			compatibilityVersion = "Xcode 13.0";
			developmentRegion = en;
			hasScannedForEncodings = 0;
			knownRegions = (
				en,
				Base,
			);
			mainGroup = 1F673AB4292B9D9B007F8E9A;
			productRefGroup = 1F673ABE292B9D9B007F8E9A /* Products */;
			projectDirPath = "";
			projectRoot = "";
			targets = (
				1F673ABC292B9D9B007F8E9A /* Pet-1_MusicPlayer */,
				1F673AD2292B9D9F007F8E9A /* Pet-1_MusicPlayerTests */,
				1F673ADC292B9D9F007F8E9A /* Pet-1_MusicPlayerUITests */,
			);
		};
/* End PBXProject section */

/* Begin PBXResourcesBuildPhase section */
		1F673ABB292B9D9B007F8E9A /* Resources */ = {
			isa = PBXResourcesBuildPhase;
			buildActionMask = 2147483647;
			files = (
				1F673ACD292B9D9F007F8E9A /* LaunchScreen.storyboard in Resources */,
				1F673ACA292B9D9F007F8E9A /* Assets.xcassets in Resources */,
				1F086F6B292F7ACD007F2330 /* CollectionViewCell.xib in Resources */,
				1F673AC8292B9D9B007F8E9A /* Main.storyboard in Resources */,
			);
			runOnlyForDeploymentPostprocessing = 0;
		};
		1F673AD1292B9D9F007F8E9A /* Resources */ = {
			isa = PBXResourcesBuildPhase;
			buildActionMask = 2147483647;
			files = (
			);
			runOnlyForDeploymentPostprocessing = 0;
		};
		1F673ADB292B9D9F007F8E9A /* Resources */ = {
			isa = PBXResourcesBuildPhase;
			buildActionMask = 2147483647;
			files = (
			);
			runOnlyForDeploymentPostprocessing = 0;
		};
/* End PBXResourcesBuildPhase section */

/* Begin PBXSourcesBuildPhase section */
		1F673AB9292B9D9B007F8E9A /* Sources */ = {
			isa = PBXSourcesBuildPhase;
			buildActionMask = 2147483647;
			files = (
				1F2132E32936316C004F88AB /* RouterProtocol.swift in Sources */,
				1F32959B292E73F0008B6961 /* MusicData.swift in Sources */,
				1F673AC5292B9D9B007F8E9A /* ViewController.swift in Sources */,
				1F673AC1292B9D9B007F8E9A /* AppDelegate.swift in Sources */,
				1F6EB86E292CDE5900BB68C5 /* Router.swift in Sources */,
				1F2132EB293632A1004F88AB /* PlayerViewPresenterProtocol.swift in Sources */,
				1F673AF6292B9E21007F8E9A /* Presenter.swift in Sources */,
				1F673AFF292BA7B6007F8E9A /* AssemblyModuleBuilder.swift in Sources */,
				1F673B08292BAC74007F8E9A /* TrackTableViewCell.swift in Sources */,
				1F6EB876292CE2B900BB68C5 /* PlayerPresenter.swift in Sources */,
				1F329597292E217B008B6961 /* CompactPlayerView.swift in Sources */,
				1F2132F429363781004F88AB /* CompactPlayerViewProtocol.swift in Sources */,
				1F2132EF293636E0004F88AB /* MainVC + extantion TableView.swift in Sources */,
				1F2132F6293637B6004F88AB /* MainViewPresenterProtocol.swift in Sources */,
				1F2132E6293631E4004F88AB /* AssemblyModuleBuilderProtocol.swift in Sources */,
				1F673AC3292B9D9B007F8E9A /* SceneDelegate.swift in Sources */,
				1F086F6A292F7ACD007F2330 /* CollectionViewCell.swift in Sources */,
				1F2132E92936327E004F88AB /* PlayerViewProtocol.swift in Sources */,
				1F673AFA292B9F84007F8E9A /* SearchResponce.swift in Sources */,
				1F2132FC2936582B004F88AB /* LoadIndicator.swift in Sources */,
				1F329599292E6348008B6961 /* UserDefaultsManager.swift in Sources */,
				1F673AF8292B9ECC007F8E9A /* MainViewController.swift in Sources */,
				1F56FC652934E86C002394C0 /* AVPlayer.swift in Sources */,
				1F6EB874292CE28500BB68C5 /* PlayerViewController.swift in Sources */,
				1F2132F22936375F004F88AB /* MainViewProtocol.swift in Sources */,
				1F673AFC292BA00F007F8E9A /* NetworkService.swift in Sources */,
			);
			runOnlyForDeploymentPostprocessing = 0;
		};
		1F673ACF292B9D9F007F8E9A /* Sources */ = {
			isa = PBXSourcesBuildPhase;
			buildActionMask = 2147483647;
			files = (
				1F673AD8292B9D9F007F8E9A /* Pet_1_MusicPlayerTests.swift in Sources */,
				1F710368292D141000952475 /* RouterTest.swift in Sources */,
				1F710365292D0A9D00952475 /* MainPresenterTest.swift in Sources */,
			);
			runOnlyForDeploymentPostprocessing = 0;
		};
		1F673AD9292B9D9F007F8E9A /* Sources */ = {
			isa = PBXSourcesBuildPhase;
			buildActionMask = 2147483647;
			files = (
				1F673AE2292B9D9F007F8E9A /* Pet_1_MusicPlayerUITests.swift in Sources */,
				1F673AE4292B9D9F007F8E9A /* Pet_1_MusicPlayerUITestsLaunchTests.swift in Sources */,
			);
			runOnlyForDeploymentPostprocessing = 0;
		};
/* End PBXSourcesBuildPhase section */

/* Begin PBXTargetDependency section */
		1F673AD5292B9D9F007F8E9A /* PBXTargetDependency */ = {
			isa = PBXTargetDependency;
			target = 1F673ABC292B9D9B007F8E9A /* Pet-1_MusicPlayer */;
			targetProxy = 1F673AD4292B9D9F007F8E9A /* PBXContainerItemProxy */;
		};
		1F673ADF292B9D9F007F8E9A /* PBXTargetDependency */ = {
			isa = PBXTargetDependency;
			target = 1F673ABC292B9D9B007F8E9A /* Pet-1_MusicPlayer */;
			targetProxy = 1F673ADE292B9D9F007F8E9A /* PBXContainerItemProxy */;
		};
/* End PBXTargetDependency section */

/* Begin PBXVariantGroup section */
		1F673AC6292B9D9B007F8E9A /* Main.storyboard */ = {
			isa = PBXVariantGroup;
			children = (
				1F673AC7292B9D9B007F8E9A /* Base */,
			);
			name = Main.storyboard;
			sourceTree = "<group>";
		};
		1F673ACB292B9D9F007F8E9A /* LaunchScreen.storyboard */ = {
			isa = PBXVariantGroup;
			children = (
				1F673ACC292B9D9F007F8E9A /* Base */,
			);
			name = LaunchScreen.storyboard;
			sourceTree = "<group>";
		};
/* End PBXVariantGroup section */

/* Begin XCBuildConfiguration section */
		1F673AE5292B9D9F007F8E9A /* Debug */ = {
			isa = XCBuildConfiguration;
			buildSettings = {
				ALWAYS_SEARCH_USER_PATHS = NO;
				CLANG_ANALYZER_NONNULL = YES;
				CLANG_ANALYZER_NUMBER_OBJECT_CONVERSION = YES_AGGRESSIVE;
				CLANG_CXX_LANGUAGE_STANDARD = "gnu++17";
				CLANG_CXX_LIBRARY = "libc++";
				CLANG_ENABLE_MODULES = YES;
				CLANG_ENABLE_OBJC_ARC = YES;
				CLANG_ENABLE_OBJC_WEAK = YES;
				CLANG_WARN_BLOCK_CAPTURE_AUTORELEASING = YES;
				CLANG_WARN_BOOL_CONVERSION = YES;
				CLANG_WARN_COMMA = YES;
				CLANG_WARN_CONSTANT_CONVERSION = YES;
				CLANG_WARN_DEPRECATED_OBJC_IMPLEMENTATIONS = YES;
				CLANG_WARN_DIRECT_OBJC_ISA_USAGE = YES_ERROR;
				CLANG_WARN_DOCUMENTATION_COMMENTS = YES;
				CLANG_WARN_EMPTY_BODY = YES;
				CLANG_WARN_ENUM_CONVERSION = YES;
				CLANG_WARN_INFINITE_RECURSION = YES;
				CLANG_WARN_INT_CONVERSION = YES;
				CLANG_WARN_NON_LITERAL_NULL_CONVERSION = YES;
				CLANG_WARN_OBJC_IMPLICIT_RETAIN_SELF = YES;
				CLANG_WARN_OBJC_LITERAL_CONVERSION = YES;
				CLANG_WARN_OBJC_ROOT_CLASS = YES_ERROR;
				CLANG_WARN_QUOTED_INCLUDE_IN_FRAMEWORK_HEADER = YES;
				CLANG_WARN_RANGE_LOOP_ANALYSIS = YES;
				CLANG_WARN_STRICT_PROTOTYPES = YES;
				CLANG_WARN_SUSPICIOUS_MOVE = YES;
				CLANG_WARN_UNGUARDED_AVAILABILITY = YES_AGGRESSIVE;
				CLANG_WARN_UNREACHABLE_CODE = YES;
				CLANG_WARN__DUPLICATE_METHOD_MATCH = YES;
				COPY_PHASE_STRIP = NO;
				DEBUG_INFORMATION_FORMAT = dwarf;
				ENABLE_STRICT_OBJC_MSGSEND = YES;
				ENABLE_TESTABILITY = YES;
				GCC_C_LANGUAGE_STANDARD = gnu11;
				GCC_DYNAMIC_NO_PIC = NO;
				GCC_NO_COMMON_BLOCKS = YES;
				GCC_OPTIMIZATION_LEVEL = 0;
				GCC_PREPROCESSOR_DEFINITIONS = (
					"DEBUG=1",
					"$(inherited)",
				);
				GCC_WARN_64_TO_32_BIT_CONVERSION = YES;
				GCC_WARN_ABOUT_RETURN_TYPE = YES_ERROR;
				GCC_WARN_UNDECLARED_SELECTOR = YES;
				GCC_WARN_UNINITIALIZED_AUTOS = YES_AGGRESSIVE;
				GCC_WARN_UNUSED_FUNCTION = YES;
				GCC_WARN_UNUSED_VARIABLE = YES;
				IPHONEOS_DEPLOYMENT_TARGET = 14.7;
				MTL_ENABLE_DEBUG_INFO = INCLUDE_SOURCE;
				MTL_FAST_MATH = YES;
				ONLY_ACTIVE_ARCH = YES;
				SDKROOT = iphoneos;
				SWIFT_ACTIVE_COMPILATION_CONDITIONS = DEBUG;
				SWIFT_OPTIMIZATION_LEVEL = "-Onone";
			};
			name = Debug;
		};
		1F673AE6292B9D9F007F8E9A /* Release */ = {
			isa = XCBuildConfiguration;
			buildSettings = {
				ALWAYS_SEARCH_USER_PATHS = NO;
				CLANG_ANALYZER_NONNULL = YES;
				CLANG_ANALYZER_NUMBER_OBJECT_CONVERSION = YES_AGGRESSIVE;
				CLANG_CXX_LANGUAGE_STANDARD = "gnu++17";
				CLANG_CXX_LIBRARY = "libc++";
				CLANG_ENABLE_MODULES = YES;
				CLANG_ENABLE_OBJC_ARC = YES;
				CLANG_ENABLE_OBJC_WEAK = YES;
				CLANG_WARN_BLOCK_CAPTURE_AUTORELEASING = YES;
				CLANG_WARN_BOOL_CONVERSION = YES;
				CLANG_WARN_COMMA = YES;
				CLANG_WARN_CONSTANT_CONVERSION = YES;
				CLANG_WARN_DEPRECATED_OBJC_IMPLEMENTATIONS = YES;
				CLANG_WARN_DIRECT_OBJC_ISA_USAGE = YES_ERROR;
				CLANG_WARN_DOCUMENTATION_COMMENTS = YES;
				CLANG_WARN_EMPTY_BODY = YES;
				CLANG_WARN_ENUM_CONVERSION = YES;
				CLANG_WARN_INFINITE_RECURSION = YES;
				CLANG_WARN_INT_CONVERSION = YES;
				CLANG_WARN_NON_LITERAL_NULL_CONVERSION = YES;
				CLANG_WARN_OBJC_IMPLICIT_RETAIN_SELF = YES;
				CLANG_WARN_OBJC_LITERAL_CONVERSION = YES;
				CLANG_WARN_OBJC_ROOT_CLASS = YES_ERROR;
				CLANG_WARN_QUOTED_INCLUDE_IN_FRAMEWORK_HEADER = YES;
				CLANG_WARN_RANGE_LOOP_ANALYSIS = YES;
				CLANG_WARN_STRICT_PROTOTYPES = YES;
				CLANG_WARN_SUSPICIOUS_MOVE = YES;
				CLANG_WARN_UNGUARDED_AVAILABILITY = YES_AGGRESSIVE;
				CLANG_WARN_UNREACHABLE_CODE = YES;
				CLANG_WARN__DUPLICATE_METHOD_MATCH = YES;
				COPY_PHASE_STRIP = NO;
				DEBUG_INFORMATION_FORMAT = "dwarf-with-dsym";
				ENABLE_NS_ASSERTIONS = NO;
				ENABLE_STRICT_OBJC_MSGSEND = YES;
				GCC_C_LANGUAGE_STANDARD = gnu11;
				GCC_NO_COMMON_BLOCKS = YES;
				GCC_WARN_64_TO_32_BIT_CONVERSION = YES;
				GCC_WARN_ABOUT_RETURN_TYPE = YES_ERROR;
				GCC_WARN_UNDECLARED_SELECTOR = YES;
				GCC_WARN_UNINITIALIZED_AUTOS = YES_AGGRESSIVE;
				GCC_WARN_UNUSED_FUNCTION = YES;
				GCC_WARN_UNUSED_VARIABLE = YES;
				IPHONEOS_DEPLOYMENT_TARGET = 14.7;
				MTL_ENABLE_DEBUG_INFO = NO;
				MTL_FAST_MATH = YES;
				SDKROOT = iphoneos;
				SWIFT_COMPILATION_MODE = wholemodule;
				SWIFT_OPTIMIZATION_LEVEL = "-O";
				VALIDATE_PRODUCT = YES;
			};
			name = Release;
		};
		1F673AE8292B9D9F007F8E9A /* Debug */ = {
			isa = XCBuildConfiguration;
			buildSettings = {
				ASSETCATALOG_COMPILER_APPICON_NAME = AppIcon;
				ASSETCATALOG_COMPILER_GLOBAL_ACCENT_COLOR_NAME = AccentColor;
				CODE_SIGN_STYLE = Automatic;
				CURRENT_PROJECT_VERSION = 1;
				DEVELOPMENT_TEAM = 674W6Y4JF9;
				GENERATE_INFOPLIST_FILE = YES;
				INFOPLIST_FILE = "Pet-1_MusicPlayer/Info.plist";
				INFOPLIST_KEY_UIApplicationSupportsIndirectInputEvents = YES;
				INFOPLIST_KEY_UILaunchStoryboardName = LaunchScreen;
				INFOPLIST_KEY_UIMainStoryboardFile = Main;
				INFOPLIST_KEY_UISupportedInterfaceOrientations_iPad = "UIInterfaceOrientationPortrait UIInterfaceOrientationPortraitUpsideDown UIInterfaceOrientationLandscapeLeft UIInterfaceOrientationLandscapeRight";
				INFOPLIST_KEY_UISupportedInterfaceOrientations_iPhone = "UIInterfaceOrientationPortrait UIInterfaceOrientationLandscapeLeft UIInterfaceOrientationLandscapeRight";
				IPHONEOS_DEPLOYMENT_TARGET = 14.7;
				LD_RUNPATH_SEARCH_PATHS = (
					"$(inherited)",
					"@executable_path/Frameworks",
				);
				MARKETING_VERSION = 1.0;
				PRODUCT_BUNDLE_IDENTIFIER = "Alex.Pet-1-MusicPlayer";
				PRODUCT_NAME = "$(TARGET_NAME)";
				SWIFT_EMIT_LOC_STRINGS = YES;
				SWIFT_VERSION = 5.0;
				TARGETED_DEVICE_FAMILY = "1,2";
			};
			name = Debug;
		};
		1F673AE9292B9D9F007F8E9A /* Release */ = {
			isa = XCBuildConfiguration;
			buildSettings = {
				ASSETCATALOG_COMPILER_APPICON_NAME = AppIcon;
				ASSETCATALOG_COMPILER_GLOBAL_ACCENT_COLOR_NAME = AccentColor;
				CODE_SIGN_STYLE = Automatic;
				CURRENT_PROJECT_VERSION = 1;
				DEVELOPMENT_TEAM = 674W6Y4JF9;
				GENERATE_INFOPLIST_FILE = YES;
				INFOPLIST_FILE = "Pet-1_MusicPlayer/Info.plist";
				INFOPLIST_KEY_UIApplicationSupportsIndirectInputEvents = YES;
				INFOPLIST_KEY_UILaunchStoryboardName = LaunchScreen;
				INFOPLIST_KEY_UIMainStoryboardFile = Main;
				INFOPLIST_KEY_UISupportedInterfaceOrientations_iPad = "UIInterfaceOrientationPortrait UIInterfaceOrientationPortraitUpsideDown UIInterfaceOrientationLandscapeLeft UIInterfaceOrientationLandscapeRight";
				INFOPLIST_KEY_UISupportedInterfaceOrientations_iPhone = "UIInterfaceOrientationPortrait UIInterfaceOrientationLandscapeLeft UIInterfaceOrientationLandscapeRight";
				IPHONEOS_DEPLOYMENT_TARGET = 14.7;
				LD_RUNPATH_SEARCH_PATHS = (
					"$(inherited)",
					"@executable_path/Frameworks",
				);
				MARKETING_VERSION = 1.0;
				PRODUCT_BUNDLE_IDENTIFIER = "Alex.Pet-1-MusicPlayer";
				PRODUCT_NAME = "$(TARGET_NAME)";
				SWIFT_EMIT_LOC_STRINGS = YES;
				SWIFT_VERSION = 5.0;
				TARGETED_DEVICE_FAMILY = "1,2";
			};
			name = Release;
		};
		1F673AEB292B9D9F007F8E9A /* Debug */ = {
			isa = XCBuildConfiguration;
			buildSettings = {
				ALWAYS_EMBED_SWIFT_STANDARD_LIBRARIES = YES;
				BUNDLE_LOADER = "$(TEST_HOST)";
				CODE_SIGN_STYLE = Automatic;
				CURRENT_PROJECT_VERSION = 1;
				DEVELOPMENT_TEAM = 674W6Y4JF9;
				GENERATE_INFOPLIST_FILE = YES;
				IPHONEOS_DEPLOYMENT_TARGET = 14.7;
				MARKETING_VERSION = 1.0;
				PRODUCT_BUNDLE_IDENTIFIER = "Alex.Pet-1-MusicPlayerTests";
				PRODUCT_NAME = "$(TARGET_NAME)";
				SWIFT_EMIT_LOC_STRINGS = NO;
				SWIFT_VERSION = 5.0;
				TARGETED_DEVICE_FAMILY = "1,2";
				TEST_HOST = "$(BUILT_PRODUCTS_DIR)/Pet-1_MusicPlayer.app/Pet-1_MusicPlayer";
			};
			name = Debug;
		};
		1F673AEC292B9D9F007F8E9A /* Release */ = {
			isa = XCBuildConfiguration;
			buildSettings = {
				ALWAYS_EMBED_SWIFT_STANDARD_LIBRARIES = YES;
				BUNDLE_LOADER = "$(TEST_HOST)";
				CODE_SIGN_STYLE = Automatic;
				CURRENT_PROJECT_VERSION = 1;
				DEVELOPMENT_TEAM = 674W6Y4JF9;
				GENERATE_INFOPLIST_FILE = YES;
				IPHONEOS_DEPLOYMENT_TARGET = 14.7;
				MARKETING_VERSION = 1.0;
				PRODUCT_BUNDLE_IDENTIFIER = "Alex.Pet-1-MusicPlayerTests";
				PRODUCT_NAME = "$(TARGET_NAME)";
				SWIFT_EMIT_LOC_STRINGS = NO;
				SWIFT_VERSION = 5.0;
				TARGETED_DEVICE_FAMILY = "1,2";
				TEST_HOST = "$(BUILT_PRODUCTS_DIR)/Pet-1_MusicPlayer.app/Pet-1_MusicPlayer";
			};
			name = Release;
		};
		1F673AEE292B9D9F007F8E9A /* Debug */ = {
			isa = XCBuildConfiguration;
			buildSettings = {
				ALWAYS_EMBED_SWIFT_STANDARD_LIBRARIES = YES;
				CODE_SIGN_STYLE = Automatic;
				CURRENT_PROJECT_VERSION = 1;
				DEVELOPMENT_TEAM = 674W6Y4JF9;
				GENERATE_INFOPLIST_FILE = YES;
				MARKETING_VERSION = 1.0;
				PRODUCT_BUNDLE_IDENTIFIER = "Alex.Pet-1-MusicPlayerUITests";
				PRODUCT_NAME = "$(TARGET_NAME)";
				SWIFT_EMIT_LOC_STRINGS = NO;
				SWIFT_VERSION = 5.0;
				TARGETED_DEVICE_FAMILY = "1,2";
				TEST_TARGET_NAME = "Pet-1_MusicPlayer";
			};
			name = Debug;
		};
		1F673AEF292B9D9F007F8E9A /* Release */ = {
			isa = XCBuildConfiguration;
			buildSettings = {
				ALWAYS_EMBED_SWIFT_STANDARD_LIBRARIES = YES;
				CODE_SIGN_STYLE = Automatic;
				CURRENT_PROJECT_VERSION = 1;
				DEVELOPMENT_TEAM = 674W6Y4JF9;
				GENERATE_INFOPLIST_FILE = YES;
				MARKETING_VERSION = 1.0;
				PRODUCT_BUNDLE_IDENTIFIER = "Alex.Pet-1-MusicPlayerUITests";
				PRODUCT_NAME = "$(TARGET_NAME)";
				SWIFT_EMIT_LOC_STRINGS = NO;
				SWIFT_VERSION = 5.0;
				TARGETED_DEVICE_FAMILY = "1,2";
				TEST_TARGET_NAME = "Pet-1_MusicPlayer";
			};
			name = Release;
		};
/* End XCBuildConfiguration section */

/* Begin XCConfigurationList section */
		1F673AB8292B9D9B007F8E9A /* Build configuration list for PBXProject "Pet-1_MusicPlayer" */ = {
			isa = XCConfigurationList;
			buildConfigurations = (
				1F673AE5292B9D9F007F8E9A /* Debug */,
				1F673AE6292B9D9F007F8E9A /* Release */,
			);
			defaultConfigurationIsVisible = 0;
			defaultConfigurationName = Release;
		};
		1F673AE7292B9D9F007F8E9A /* Build configuration list for PBXNativeTarget "Pet-1_MusicPlayer" */ = {
			isa = XCConfigurationList;
			buildConfigurations = (
				1F673AE8292B9D9F007F8E9A /* Debug */,
				1F673AE9292B9D9F007F8E9A /* Release */,
			);
			defaultConfigurationIsVisible = 0;
			defaultConfigurationName = Release;
		};
		1F673AEA292B9D9F007F8E9A /* Build configuration list for PBXNativeTarget "Pet-1_MusicPlayerTests" */ = {
			isa = XCConfigurationList;
			buildConfigurations = (
				1F673AEB292B9D9F007F8E9A /* Debug */,
				1F673AEC292B9D9F007F8E9A /* Release */,
			);
			defaultConfigurationIsVisible = 0;
			defaultConfigurationName = Release;
		};
		1F673AED292B9D9F007F8E9A /* Build configuration list for PBXNativeTarget "Pet-1_MusicPlayerUITests" */ = {
			isa = XCConfigurationList;
			buildConfigurations = (
				1F673AEE292B9D9F007F8E9A /* Debug */,
				1F673AEF292B9D9F007F8E9A /* Release */,
			);
			defaultConfigurationIsVisible = 0;
			defaultConfigurationName = Release;
		};
/* End XCConfigurationList section */
	};
	rootObject = 1F673AB5292B9D9B007F8E9A /* Project object */;
}
